PODS:
  - CronetNetworking (0.0.1):
    - CronetNetworking/no-arc (= 0.0.1)
  - CronetNetworking/no-arc (0.0.1)

DEPENDENCIES:
  - CronetNetworking (from `../../`)

EXTERNAL SOURCES:
  CronetNetworking:
    :path: "../../"

SPEC CHECKSUMS:
  CronetNetworking: af5abaea50eed7db71c15d0dcd2bcf3fea5c9302

PODFILE CHECKSUM: d41c9eb3d95b156cc39d9f5f537057316921de3a

COCOAPODS: 1.1.1
