// !$*UTF8*$!
{
	archiveVersion = 1;
	classes = {
	};
	objectVersion = 48;
	objects = {

/* Begin PBXBuildFile section */
		1BD3D9E23BDE268F5AC2A6EB /* libPods-JSONRequest.a in Frameworks */ = {isa = PBXBuildFile; fileRef = 3811ECC8DDB6302789BF67EE /* libPods-JSONRequest.a */; };
		C60CC3661F278AAA002C8B58 /* AppDelegate.m in Sources */ = {isa = PBXBuildFile; fileRef = C60CC3651F278AAA002C8B58 /* AppDelegate.m */; };
		C60CC3691F278AAA002C8B58 /* ViewController.m in Sources */ = {isa = PBXBuildFile; fileRef = C60CC3681F278AAA002C8B58 /* ViewController.m */; };
		C60CC36B1F278AAA002C8B58 /* Assets.xcassets in Resources */ = {isa = PBXBuildFile; fileRef = C60CC36A1F278AAA002C8B58 /* Assets.xcassets */; };
		C60CC36E1F278AAA002C8B58 /* Main.storyboard in Resources */ = {isa = PBXBuildFile; fileRef = C60CC36C1F278AAA002C8B58 /* Main.storyboard */; };
		C60CC3711F278AAA002C8B58 /* main.m in Sources */ = {isa = PBXBuildFile; fileRef = C60CC3701F278AAA002C8B58 /* main.m */; };
		C60CC37A1F27A70D002C8B58 /* libc++.tbd in Frameworks */ = {isa = PBXBuildFile; fileRef = C60CC3781F27A6F8002C8B58 /* libc++.tbd */; };
/* End PBXBuildFile section */

/* Begin PBXFileReference section */
		336C281FF9A36237C7C65718 /* Pods-JSONRequest.debug.xcconfig */ = {isa = PBXFileReference; includeInIndex = 1; lastKnownFileType = text.xcconfig; name = "Pods-JSONRequest.debug.xcconfig"; path = "Pods/Target Support Files/Pods-JSONRequest/Pods-JSONRequest.debug.xcconfig"; sourceTree = "<group>"; };
		3811ECC8DDB6302789BF67EE /* libPods-JSONRequest.a */ = {isa = PBXFileReference; explicitFileType = archive.ar; includeInIndex = 0; path = "libPods-JSONRequest.a"; sourceTree = BUILT_PRODUCTS_DIR; };
		A4F5D8F18D062885F39FCAE0 /* Pods-JSONRequest.release.xcconfig */ = {isa = PBXFileReference; includeInIndex = 1; lastKnownFileType = text.xcconfig; name = "Pods-JSONRequest.release.xcconfig"; path = "Pods/Target Support Files/Pods-JSONRequest/Pods-JSONRequest.release.xcconfig"; sourceTree = "<group>"; };
		C60CC3611F278AAA002C8B58 /* JSONRequest.app */ = {isa = PBXFileReference; explicitFileType = wrapper.application; includeInIndex = 0; path = JSONRequest.app; sourceTree = BUILT_PRODUCTS_DIR; };
		C60CC3641F278AAA002C8B58 /* AppDelegate.h */ = {isa = PBXFileReference; lastKnownFileType = sourcecode.c.h; path = AppDelegate.h; sourceTree = "<group>"; };
		C60CC3651F278AAA002C8B58 /* AppDelegate.m */ = {isa = PBXFileReference; lastKnownFileType = sourcecode.c.objc; path = AppDelegate.m; sourceTree = "<group>"; };
		C60CC3671F278AAA002C8B58 /* ViewController.h */ = {isa = PBXFileReference; lastKnownFileType = sourcecode.c.h; path = ViewController.h; sourceTree = "<group>"; };
		C60CC3681F278AAA002C8B58 /* ViewController.m */ = {isa = PBXFileReference; lastKnownFileType = sourcecode.c.objc; path = ViewController.m; sourceTree = "<group>"; };
		C60CC36A1F278AAA002C8B58 /* Assets.xcassets */ = {isa = PBXFileReference; lastKnownFileType = folder.assetcatalog; path = Assets.xcassets; sourceTree = "<group>"; };
		C60CC36D1F278AAA002C8B58 /* Base */ = {isa = PBXFileReference; lastKnownFileType = file.storyboard; name = Base; path = Base.lproj/Main.storyboard; sourceTree = "<group>"; };
		C60CC36F1F278AAA002C8B58 /* Info.plist */ = {isa = PBXFileReference; lastKnownFileType = text.plist.xml; path = Info.plist; sourceTree = "<group>"; };
		C60CC3701F278AAA002C8B58 /* main.m */ = {isa = PBXFileReference; lastKnownFileType = sourcecode.c.objc; path = main.m; sourceTree = "<group>"; };
		C60CC3721F278AAA002C8B58 /* JSONRequest.entitlements */ = {isa = PBXFileReference; lastKnownFileType = text.plist.entitlements; path = JSONRequest.entitlements; sourceTree = "<group>"; };
		C60CC3781F27A6F8002C8B58 /* libc++.tbd */ = {isa = PBXFileReference; lastKnownFileType = "sourcecode.text-based-dylib-definition"; name = "libc++.tbd"; path = "usr/lib/libc++.tbd"; sourceTree = SDKROOT; };
		C60CC3791F27A703002C8B58 /* libstdc++.tbd */ = {isa = PBXFileReference; lastKnownFileType = "sourcecode.text-based-dylib-definition"; name = "libstdc++.tbd"; path = "usr/lib/libstdc++.tbd"; sourceTree = SDKROOT; };
/* End PBXFileReference section */

/* Begin PBXFrameworksBuildPhase section */
		C60CC35E1F278AAA002C8B58 /* Frameworks */ = {
			isa = PBXFrameworksBuildPhase;
			buildActionMask = 2147483647;
			files = (
				C60CC37A1F27A70D002C8B58 /* libc++.tbd in Frameworks */,
				1BD3D9E23BDE268F5AC2A6EB /* libPods-JSONRequest.a in Frameworks */,
			);
			runOnlyForDeploymentPostprocessing = 0;
		};
/* End PBXFrameworksBuildPhase section */

/* Begin PBXGroup section */
		1FFBADCC42B06C6E044D7ACB /* Frameworks */ = {
			isa = PBXGroup;
			children = (
				C60CC3791F27A703002C8B58 /* libstdc++.tbd */,
				C60CC3781F27A6F8002C8B58 /* libc++.tbd */,
				3811ECC8DDB6302789BF67EE /* libPods-JSONRequest.a */,
			);
			name = Frameworks;
			sourceTree = "<group>";
		};
		766ED0177FA4B52087BCEFB7 /* Pods */ = {
			isa = PBXGroup;
			children = (
				336C281FF9A36237C7C65718 /* Pods-JSONRequest.debug.xcconfig */,
				A4F5D8F18D062885F39FCAE0 /* Pods-JSONRequest.release.xcconfig */,
			);
			name = Pods;
			sourceTree = "<group>";
		};
		C60CC3581F278AAA002C8B58 = {
			isa = PBXGroup;
			children = (
				C60CC3631F278AAA002C8B58 /* JSONRequest */,
				C60CC3621F278AAA002C8B58 /* Products */,
				766ED0177FA4B52087BCEFB7 /* Pods */,
				1FFBADCC42B06C6E044D7ACB /* Frameworks */,
			);
			sourceTree = "<group>";
		};
		C60CC3621F278AAA002C8B58 /* Products */ = {
			isa = PBXGroup;
			children = (
				C60CC3611F278AAA002C8B58 /* JSONRequest.app */,
			);
			name = Products;
			sourceTree = "<group>";
		};
		C60CC3631F278AAA002C8B58 /* JSONRequest */ = {
			isa = PBXGroup;
			children = (
				C60CC3641F278AAA002C8B58 /* AppDelegate.h */,
				C60CC3651F278AAA002C8B58 /* AppDelegate.m */,
				C60CC3671F278AAA002C8B58 /* ViewController.h */,
				C60CC3681F278AAA002C8B58 /* ViewController.m */,
				C60CC36A1F278AAA002C8B58 /* Assets.xcassets */,
				C60CC36C1F278AAA002C8B58 /* Main.storyboard */,
				C60CC36F1F278AAA002C8B58 /* Info.plist */,
				C60CC3701F278AAA002C8B58 /* main.m */,
				C60CC3721F278AAA002C8B58 /* JSONRequest.entitlements */,
			);
			path = JSONRequest;
			sourceTree = "<group>";
		};
/* End PBXGroup section */

/* Begin PBXNativeTarget section */
		C60CC3601F278AAA002C8B58 /* JSONRequest */ = {
			isa = PBXNativeTarget;
			buildConfigurationList = C60CC3751F278AAA002C8B58 /* Build configuration list for PBXNativeTarget "JSONRequest" */;
			buildPhases = (
				0AE9B3D0AAA6BB85B2D06E73 /* [CP] Check Pods Manifest.lock */,
				C60CC35D1F278AAA002C8B58 /* Sources */,
				C60CC35E1F278AAA002C8B58 /* Frameworks */,
				C60CC35F1F278AAA002C8B58 /* Resources */,
				3902A667E23FBE2E624F8B6D /* [CP] Embed Pods Frameworks */,
				BFD7E8E388D3E156EAE502AD /* [CP] Copy Pods Resources */,
			);
			buildRules = (
			);
			dependencies = (
			);
			name = JSONRequest;
			productName = JSONRequest;
			productReference = C60CC3611F278AAA002C8B58 /* JSONRequest.app */;
			productType = "com.apple.product-type.application";
		};
/* End PBXNativeTarget section */

/* Begin PBXProject section */
		C60CC3591F278AAA002C8B58 /* Project object */ = {
			isa = PBXProject;
			attributes = {
				LastUpgradeCheck = 0900;
				ORGANIZATIONNAME = wutian;
				TargetAttributes = {
					C60CC3601F278AAA002C8B58 = {
						CreatedOnToolsVersion = 9.0;
					};
				};
			};
			buildConfigurationList = C60CC35C1F278AAA002C8B58 /* Build configuration list for PBXProject "JSONRequest" */;
			compatibilityVersion = "Xcode 8.0";
			developmentRegion = en;
			hasScannedForEncodings = 0;
			knownRegions = (
				en,
				Base,
			);
			mainGroup = C60CC3581F278AAA002C8B58;
			productRefGroup = C60CC3621F278AAA002C8B58 /* Products */;
			projectDirPath = "";
			projectRoot = "";
			targets = (
				C60CC3601F278AAA002C8B58 /* JSONRequest */,
			);
		};
/* End PBXProject section */

/* Begin PBXResourcesBuildPhase section */
		C60CC35F1F278AAA002C8B58 /* Resources */ = {
			isa = PBXResourcesBuildPhase;
			buildActionMask = 2147483647;
			files = (
				C60CC36B1F278AAA002C8B58 /* Assets.xcassets in Resources */,
				C60CC36E1F278AAA002C8B58 /* Main.storyboard in Resources */,
			);
			runOnlyForDeploymentPostprocessing = 0;
		};
/* End PBXResourcesBuildPhase section */

/* Begin PBXShellScriptBuildPhase section */
		0AE9B3D0AAA6BB85B2D06E73 /* [CP] Check Pods Manifest.lock */ = {
			isa = PBXShellScriptBuildPhase;
			buildActionMask = 2147483647;
			files = (
			);
			inputPaths = (
			);
			name = "[CP] Check Pods Manifest.lock";
			outputPaths = (
			);
			runOnlyForDeploymentPostprocessing = 0;
			shellPath = /bin/sh;
			shellScript = "diff \"${PODS_PODFILE_DIR_PATH}/Podfile.lock\" \"${PODS_ROOT}/Manifest.lock\" > /dev/null\nif [ $? != 0 ] ; then\n    # print error to STDERR\n    echo \"error: The sandbox is not in sync with the Podfile.lock. Run 'pod install' or update your CocoaPods installation.\" >&2\n    exit 1\nfi\n";
			showEnvVarsInLog = 0;
		};
		3902A667E23FBE2E624F8B6D /* [CP] Embed Pods Frameworks */ = {
			isa = PBXShellScriptBuildPhase;
			buildActionMask = 2147483647;
			files = (
			);
			inputPaths = (
			);
			name = "[CP] Embed Pods Frameworks";
			outputPaths = (
			);
			runOnlyForDeploymentPostprocessing = 0;
			shellPath = /bin/sh;
			shellScript = "\"${SRCROOT}/Pods/Target Support Files/Pods-JSONRequest/Pods-JSONRequest-frameworks.sh\"\n";
			showEnvVarsInLog = 0;
		};
		BFD7E8E388D3E156EAE502AD /* [CP] Copy Pods Resources */ = {
			isa = PBXShellScriptBuildPhase;
			buildActionMask = 2147483647;
			files = (
			);
			inputPaths = (
			);
			name = "[CP] Copy Pods Resources";
			outputPaths = (
			);
			runOnlyForDeploymentPostprocessing = 0;
			shellPath = /bin/sh;
			shellScript = "\"${SRCROOT}/Pods/Target Support Files/Pods-JSONRequest/Pods-JSONRequest-resources.sh\"\n";
			showEnvVarsInLog = 0;
		};
/* End PBXShellScriptBuildPhase section */

/* Begin PBXSourcesBuildPhase section */
		C60CC35D1F278AAA002C8B58 /* Sources */ = {
			isa = PBXSourcesBuildPhase;
			buildActionMask = 2147483647;
			files = (
				C60CC3691F278AAA002C8B58 /* ViewController.m in Sources */,
				C60CC3711F278AAA002C8B58 /* main.m in Sources */,
				C60CC3661F278AAA002C8B58 /* AppDelegate.m in Sources */,
			);
			runOnlyForDeploymentPostprocessing = 0;
		};
/* End PBXSourcesBuildPhase section */

/* Begin PBXVariantGroup section */
		C60CC36C1F278AAA002C8B58 /* Main.storyboard */ = {
			isa = PBXVariantGroup;
			children = (
				C60CC36D1F278AAA002C8B58 /* Base */,
			);
			name = Main.storyboard;
			sourceTree = "<group>";
		};
/* End PBXVariantGroup section */

/* Begin XCBuildConfiguration section */
		C60CC3731F278AAA002C8B58 /* Debug */ = {
			isa = XCBuildConfiguration;
			buildSettings = {
				ALWAYS_SEARCH_USER_PATHS = NO;
				CLANG_ANALYZER_NONNULL = YES;
				CLANG_ANALYZER_NUMBER_OBJECT_CONVERSION = YES_AGGRESSIVE;
				CLANG_CXX_LANGUAGE_STANDARD = "gnu++14";
				CLANG_CXX_LIBRARY = "libc++";
				CLANG_ENABLE_MODULES = YES;
				CLANG_ENABLE_OBJC_ARC = YES;
				CLANG_WARN_BLOCK_CAPTURE_AUTORELEASING = YES;
				CLANG_WARN_BOOL_CONVERSION = YES;
				CLANG_WARN_COMMA = YES;
				CLANG_WARN_CONSTANT_CONVERSION = YES;
				CLANG_WARN_DIRECT_OBJC_ISA_USAGE = YES_ERROR;
				CLANG_WARN_DOCUMENTATION_COMMENTS = YES;
				CLANG_WARN_EMPTY_BODY = YES;
				CLANG_WARN_ENUM_CONVERSION = YES;
				CLANG_WARN_INFINITE_RECURSION = YES;
				CLANG_WARN_INT_CONVERSION = YES;
				CLANG_WARN_OBJC_ROOT_CLASS = YES_ERROR;
				CLANG_WARN_RANGE_LOOP_ANALYSIS = YES;
				CLANG_WARN_STRICT_PROTOTYPES = YES;
				CLANG_WARN_SUSPICIOUS_MOVE = YES;
				CLANG_WARN_UNGUARDED_AVAILABILITY = YES_AGGRESSIVE;
				CLANG_WARN_UNREACHABLE_CODE = YES;
				CLANG_WARN__DUPLICATE_METHOD_MATCH = YES;
				CODE_SIGN_IDENTITY = "Mac Developer";
				COPY_PHASE_STRIP = NO;
				DEBUG_INFORMATION_FORMAT = dwarf;
				ENABLE_STRICT_OBJC_MSGSEND = YES;
				ENABLE_TESTABILITY = YES;
				GCC_C_LANGUAGE_STANDARD = gnu11;
				GCC_DYNAMIC_NO_PIC = NO;
				GCC_NO_COMMON_BLOCKS = YES;
				GCC_OPTIMIZATION_LEVEL = 0;
				GCC_PREPROCESSOR_DEFINITIONS = (
					"DEBUG=1",
					"$(inherited)",
				);
				GCC_WARN_64_TO_32_BIT_CONVERSION = YES;
				GCC_WARN_ABOUT_RETURN_TYPE = YES_ERROR;
				GCC_WARN_UNDECLARED_SELECTOR = YES;
				GCC_WARN_UNINITIALIZED_AUTOS = YES_AGGRESSIVE;
				GCC_WARN_UNUSED_FUNCTION = YES;
				GCC_WARN_UNUSED_VARIABLE = YES;
				MACOSX_DEPLOYMENT_TARGET = 10.12;
				MTL_ENABLE_DEBUG_INFO = YES;
				ONLY_ACTIVE_ARCH = YES;
				SDKROOT = macosx;
			};
			name = Debug;
		};
		C60CC3741F278AAA002C8B58 /* Release */ = {
			isa = XCBuildConfiguration;
			buildSettings = {
				ALWAYS_SEARCH_USER_PATHS = NO;
				CLANG_ANALYZER_NONNULL = YES;
				CLANG_ANALYZER_NUMBER_OBJECT_CONVERSION = YES_AGGRESSIVE;
				CLANG_CXX_LANGUAGE_STANDARD = "gnu++14";
				CLANG_CXX_LIBRARY = "libc++";
				CLANG_ENABLE_MODULES = YES;
				CLANG_ENABLE_OBJC_ARC = YES;
				CLANG_WARN_BLOCK_CAPTURE_AUTORELEASING = YES;
				CLANG_WARN_BOOL_CONVERSION = YES;
				CLANG_WARN_COMMA = YES;
				CLANG_WARN_CONSTANT_CONVERSION = YES;
				CLANG_WARN_DIRECT_OBJC_ISA_USAGE = YES_ERROR;
				CLANG_WARN_DOCUMENTATION_COMMENTS = YES;
				CLANG_WARN_EMPTY_BODY = YES;
				CLANG_WARN_ENUM_CONVERSION = YES;
				CLANG_WARN_INFINITE_RECURSION = YES;
				CLANG_WARN_INT_CONVERSION = YES;
				CLANG_WARN_OBJC_ROOT_CLASS = YES_ERROR;
				CLANG_WARN_RANGE_LOOP_ANALYSIS = YES;
				CLANG_WARN_STRICT_PROTOTYPES = YES;
				CLANG_WARN_SUSPICIOUS_MOVE = YES;
				CLANG_WARN_UNGUARDED_AVAILABILITY = YES_AGGRESSIVE;
				CLANG_WARN_UNREACHABLE_CODE = YES;
				CLANG_WARN__DUPLICATE_METHOD_MATCH = YES;
				CODE_SIGN_IDENTITY = "Mac Developer";
				COPY_PHASE_STRIP = NO;
				DEBUG_INFORMATION_FORMAT = "dwarf-with-dsym";
				ENABLE_NS_ASSERTIONS = NO;
				ENABLE_STRICT_OBJC_MSGSEND = YES;
				GCC_C_LANGUAGE_STANDARD = gnu11;
				GCC_NO_COMMON_BLOCKS = YES;
				GCC_WARN_64_TO_32_BIT_CONVERSION = YES;
				GCC_WARN_ABOUT_RETURN_TYPE = YES_ERROR;
				GCC_WARN_UNDECLARED_SELECTOR = YES;
				GCC_WARN_UNINITIALIZED_AUTOS = YES_AGGRESSIVE;
				GCC_WARN_UNUSED_FUNCTION = YES;
				GCC_WARN_UNUSED_VARIABLE = YES;
				MACOSX_DEPLOYMENT_TARGET = 10.12;
				MTL_ENABLE_DEBUG_INFO = NO;
				SDKROOT = macosx;
			};
			name = Release;
		};
		C60CC3761F278AAA002C8B58 /* Debug */ = {
			isa = XCBuildConfiguration;
			baseConfigurationReference = 336C281FF9A36237C7C65718 /* Pods-JSONRequest.debug.xcconfig */;
			buildSettings = {
				ASSETCATALOG_COMPILER_APPICON_NAME = AppIcon;
				CODE_SIGN_ENTITLEMENTS = JSONRequest/JSONRequest.entitlements;
				COMBINE_HIDPI_IMAGES = YES;
				DEVELOPMENT_TEAM = DMJXDB9H6Q;
				INFOPLIST_FILE = JSONRequest/Info.plist;
				LD_RUNPATH_SEARCH_PATHS = "$(inherited) @executable_path/../Frameworks";
				PRODUCT_BUNDLE_IDENTIFIER = com.wutian.JSONRequest;
				PRODUCT_NAME = "$(TARGET_NAME)";
			};
			name = Debug;
		};
		C60CC3771F278AAA002C8B58 /* Release */ = {
			isa = XCBuildConfiguration;
			baseConfigurationReference = A4F5D8F18D062885F39FCAE0 /* Pods-JSONRequest.release.xcconfig */;
			buildSettings = {
				ASSETCATALOG_COMPILER_APPICON_NAME = AppIcon;
				CODE_SIGN_ENTITLEMENTS = JSONRequest/JSONRequest.entitlements;
				COMBINE_HIDPI_IMAGES = YES;
				DEVELOPMENT_TEAM = DMJXDB9H6Q;
				INFOPLIST_FILE = JSONRequest/Info.plist;
				LD_RUNPATH_SEARCH_PATHS = "$(inherited) @executable_path/../Frameworks";
				PRODUCT_BUNDLE_IDENTIFIER = com.wutian.JSONRequest;
				PRODUCT_NAME = "$(TARGET_NAME)";
			};
			name = Release;
		};
/* End XCBuildConfiguration section */

/* Begin XCConfigurationList section */
		C60CC35C1F278AAA002C8B58 /* Build configuration list for PBXProject "JSONRequest" */ = {
			isa = XCConfigurationList;
			buildConfigurations = (
				C60CC3731F278AAA002C8B58 /* Debug */,
				C60CC3741F278AAA002C8B58 /* Release */,
			);
			defaultConfigurationIsVisible = 0;
			defaultConfigurationName = Release;
		};
		C60CC3751F278AAA002C8B58 /* Build configuration list for PBXNativeTarget "JSONRequest" */ = {
			isa = XCConfigurationList;
			buildConfigurations = (
				C60CC3761F278AAA002C8B58 /* Debug */,
				C60CC3771F278AAA002C8B58 /* Release */,
			);
			defaultConfigurationIsVisible = 0;
			defaultConfigurationName = Release;
		};
/* End XCConfigurationList section */
	};
	rootObject = C60CC3591F278AAA002C8B58 /* Project object */;
}
