PODS:
  - CronetNetworking (0.0.1):
    - CronetNetworking/no-arc (= 0.0.1)
  - CronetNetworking/no-arc (0.0.1)

DEPENDENCIES:
  - CronetNetworking (from `../../`)

EXTERNAL SOURCES:
  CronetNetworking:
    :path: "../../"

SPEC CHECKSUMS:
  CronetNetworking: 7d4a1261a96abd4ed747f3f931130cbe7d28d397

PODFILE CHECKSUM: 233ea15fdcea64c44d7abed4cd8be8931f5956ea

COCOAPODS: 1.1.1
