PODS:
  - CronetNetworking (0.0.1):
    - CronetNetworking/no-arc (= 0.0.1)
  - CronetNetworking/no-arc (0.0.1)

DEPENDENCIES:
  - CronetNetworking (from `../../`)

EXTERNAL SOURCES:
  CronetNetworking:
    :path: "../../"

SPEC CHECKSUMS:
  CronetNetworking: b0514a2e001746d10bf8b3d42be5a19525d21cc9

PODFILE CHECKSUM: 233ea15fdcea64c44d7abed4cd8be8931f5956ea

COCOAPODS: 1.1.1
